
Microsoft Visual Studio Solution File, Format Version 12.00
# Visual Studio Version 17
VisualStudioVersion = 17.14.36518.9
MinimumVisualStudioVersion = 10.0.40219.1
Project("{FAE04EC0-301F-11D3-BF4B-00C04F79EFBC}") = "HotelParador", "HotelParador\HotelParador.csproj", "{FECBEB82-1384-41EA-B6B4-0071258BB7A9}"
EndProject
Global
	GlobalSection(SolutionConfigurationPlatforms) = preSolution
		Debug|Any CPU = Debug|Any CPU
		Release|Any CPU = Release|Any CPU
	EndGlobalSection
	GlobalSection(ProjectConfigurationPlatforms) = postSolution
		{FECBEB82-1384-41EA-B6B4-0071258BB7A9}.Debug|Any CPU.ActiveCfg = Debug|Any CPU
		{FECBEB82-1384-41EA-B6B4-0071258BB7A9}.Debug|Any CPU.Build.0 = Debug|Any CPU
		{FECBEB82-1384-41EA-B6B4-0071258BB7A9}.Debug|Any CPU.Deploy.0 = Debug|Any CPU
		{FECBEB82-1384-41EA-B6B4-0071258BB7A9}.Release|Any CPU.ActiveCfg = Release|Any CPU
		{FECBEB82-1384-41EA-B6B4-0071258BB7A9}.Release|Any CPU.Build.0 = Release|Any CPU
	EndGlobalSection
	GlobalSection(SolutionProperties) = preSolution
		HideSolutionNode = FALSE
	EndGlobalSection
	GlobalSection(ExtensibilityGlobals) = postSolution
		SolutionGuid = {D55BB120-D598-4F43-9B78-50D2A38EFEE9}
	EndGlobalSection
EndGlobal
